github.com/Roverr/hotstreak v1.0.0 h1:nHCzvuPaz3IL+QYqIgEL4zJfn/E4veGfVOrZwee134k=
github.com/Roverr/hotstreak v1.0.0/go.mod h1:Oi7GVkiu2+pso+arTwxFuC0YV0QcMSVJ41MkqvK7GVk=
github.com/brianvoe/gofakeit v3.15.0+incompatible/go.mod h1:kfwdRA90vvNhPutZWfH7WPaDzUjz+CZFqG+rPkOjGOc=
github.com/davecgh/go-spew v1.1.1/go.mod h1:J7Y8YcW2NihsgmVo/mv3lAwl/skON4iLHjSsI+c5H38=
github.com/dgrijalva/jwt-go v3.2.0+incompatible h1:7qlOGliEKZXTDg6OTjfoBKDXWrumCAMpl/TFQ4/5kLM=
github.com/dgrijalva/jwt-go v3.2.0+incompatible/go.mod h1:E3ru+11k8xSBh+hMPgOLZmtrrCbhqsmaPHjLKYnJCaQ=
github.com/julienschmidt/httprouter v1.2.0 h1:TDTW5Yz1mjftljbcKqRcrYhd4XeOoI98t+9HbQbYf7g=
github.com/julienschmidt/httprouter v1.2.0/go.mod h1:SYymIcj16QtmaHHD7aYtjjsJG7VTCxuUUipMqKk8s4w=
github.com/kelseyhightower/envconfig v1.3.0 h1:IvRS4f2VcIQy6j4ORGIf9145T/AsUB+oY8LyvN8BXNM=
github.com/kelseyhightower/envconfig v1.3.0/go.mod h1:cccZRl6mQpaq41TPp5QxidR+Sa3axMbJDNb//FQX6Gg=
github.com/kennygrant/sanitize v1.2.4 h1:gN25/otpP5vAsO2djbMhF/LQX6R7+O1TB4yv8NzpJ3o=
github.com/kennygrant/sanitize v1.2.4/go.mod h1:LGsjYYtgxbetdg5owWB2mpgUL6e2nfw2eObZ0u0qvak=
github.com/konsorten/go-windows-terminal-sequences v1.0.1/go.mod h1:T0+1ngSBFLxvqU3pZ+m/2kptfBszLMUkC4ZK/EgS/cQ=
github.com/natefinch/lumberjack v0.0.0-20170531160350-a96e63847dc3 h1:BDvcX7oM8ZWOS08LQXaW8ucGblfoSG4srpoW6pKhvqs=
github.com/natefinch/lumberjack v0.0.0-20170531160350-a96e63847dc3/go.mod h1:Wi9p2TTF5DG5oU+6YfsmYQpsTIOm0B1VNzQg9Mw6nPk=
github.com/pmezard/go-difflib v1.0.0/go.mod h1:iKH77koFhYxTK1pcRnkKkqfTogsbg7gZNVY4sRDYZ/4=
github.com/rs/cors v1.6.0 h1:G9tHG9lebljV9mfp9SNPDL36nCDxmo3zTlAf1YgvzmI=
github.com/rs/cors v1.6.0/go.mod h1:gFx+x8UowdsKA9AchylcLynDq+nNFfI8FkUZdN/jGCU=
github.com/sirupsen/logrus v1.2.0 h1:juTguoYk5qI21pwyTXY3B3Y5cOTH3ZUyZCg1v/mihuo=
github.com/sirupsen/logrus v1.2.0/go.mod h1:LxeOpSwHxABJmUn/MG1IvRgCAasNZTLOkJPxbbu5VWo=
github.com/stretchr/objx v0.1.1/go.mod h1:HFkY916IF+rwdDfMAkV7OtwuqBVzrE8GR6GFx+wExME=
github.com/stretchr/testify v1.2.2/go.mod h1:a8OnRcib4nhh0OaRAV+Yts87kKdq0PP7pXfy6kDkUVs=
golang.org/x/crypto v0.0.0-20180904163835-0709b304e793/go.mod h1:6SG95UA2DQfeDnfUPMdvaQW0Q7yPrPDi9nlGo2tz2b4=
golang.org/x/crypto v0.0.0-20181112202954-3d3f9f413869 h1:kkXA53yGe04D0adEYJwEVQjeBppL01Exg+fnMjfUraU=
golang.org/x/crypto v0.0.0-20181112202954-3d3f9f413869/go.mod h1:6SG95UA2DQfeDnfUPMdvaQW0Q7yPrPDi9nlGo2tz2b4=
golang.org/x/net v0.0.0-20181220203305-927f97764cc3 h1:eH6Eip3UpmR+yM/qI9Ijluzb1bNv/cAU/n+6l8tRSis=
golang.org/x/net v0.0.0-20181220203305-927f97764cc3/go.mod h1:mL1N/T3taQHkDXs73rZJwtUhF3w3ftmwwsq0BUmARs4=
golang.org/x/sys v0.0.0-20180905080454-ebe1bf3edb33/go.mod h1:STP8DvDyc/dI5b8T5hshtkjS+E42TnysNCUPdjciGhY=
golang.org/x/sys v0.0.0-20181116161606-93218def8b18 h1:Wh+XCfg3kNpjhdq2LXrsiOProjtQZKme5XUx7VcxwAw=
golang.org/x/sys v0.0.0-20181116161606-93218def8b18/go.mod h1:STP8DvDyc/dI5b8T5hshtkjS+E42TnysNCUPdjciGhY=
